
Microsoft Visual Studio Solution File, Format Version 12.00
# Visual Studio Version 17
VisualStudioVersion = 17.7.34202.233
MinimumVisualStudioVersion = 10.0.40219.1
Project("{FAE04EC0-301F-11D3-BF4B-00C04F79EFBC}") = "Snake", "Snake.csproj", "{7126AF34-E468-4E40-A2E4-AB6744594331}"
EndProject
Global
	GlobalSection(SolutionConfigurationPlatforms) = preSolution
		Debug|Any CPU = Debug|Any CPU
		Release|Any CPU = Release|Any CPU
	EndGlobalSection
	GlobalSection(ProjectConfigurationPlatforms) = postSolution
		{7126AF34-E468-4E40-A2E4-AB6744594331}.Debug|Any CPU.ActiveCfg = Debug|Any CPU
		{7126AF34-E468-4E40-A2E4-AB6744594331}.Debug|Any CPU.Build.0 = Debug|Any CPU
		{7126AF34-E468-4E40-A2E4-AB6744594331}.Release|Any CPU.ActiveCfg = Release|Any CPU
		{7126AF34-E468-4E40-A2E4-AB6744594331}.Release|Any CPU.Build.0 = Release|Any CPU
	EndGlobalSection
	GlobalSection(SolutionProperties) = preSolution
		HideSolutionNode = FALSE
	EndGlobalSection
	GlobalSection(ExtensibilityGlobals) = postSolution
		SolutionGuid = {FF1BD993-8575-44CC-B7E7-B0C24FDD532B}
	EndGlobalSection
EndGlobal
