
Microsoft Visual Studio Solution File, Format Version 12.00
# Visual Studio Version 17
VisualStudioVersion = 17.5.33530.505
MinimumVisualStudioVersion = 10.0.40219.1
Project("{FAE04EC0-301F-11D3-BF4B-00C04F79EFBC}") = "AdventureGame", "AdventureGame.csproj", "{5FD2E5DA-E3E2-4E8F-993C-DB91940CA063}"
EndProject
Global
	GlobalSection(SolutionConfigurationPlatforms) = preSolution
		Debug|Any CPU = Debug|Any CPU
		Release|Any CPU = Release|Any CPU
	EndGlobalSection
	GlobalSection(ProjectConfigurationPlatforms) = postSolution
		{5FD2E5DA-E3E2-4E8F-993C-DB91940CA063}.Debug|Any CPU.ActiveCfg = Debug|Any CPU
		{5FD2E5DA-E3E2-4E8F-993C-DB91940CA063}.Debug|Any CPU.Build.0 = Debug|Any CPU
		{5FD2E5DA-E3E2-4E8F-993C-DB91940CA063}.Release|Any CPU.ActiveCfg = Release|Any CPU
		{5FD2E5DA-E3E2-4E8F-993C-DB91940CA063}.Release|Any CPU.Build.0 = Release|Any CPU
	EndGlobalSection
	GlobalSection(SolutionProperties) = preSolution
		HideSolutionNode = FALSE
	EndGlobalSection
	GlobalSection(ExtensibilityGlobals) = postSolution
		SolutionGuid = {D837F830-FE5E-437D-80AE-66039A21CDC4}
	EndGlobalSection
EndGlobal
